
Microsoft Visual Studio Solution File, Format Version 12.00
# Visual Studio Version 16
VisualStudioVersion = 16.0.31729.503
MinimumVisualStudioVersion = 10.0.40219.1
Project("{9A19103F-16F7-4668-BE54-9A1E7A4F7556}") = "Calculator", "MyProjekt\Calculator.csproj", "{7B473CB5-B7E5-4695-9507-2F18EF7D291A}"
EndProject
Global
	GlobalSection(SolutionConfigurationPlatforms) = preSolution
		Debug|Any CPU = Debug|Any CPU
		Release|Any CPU = Release|Any CPU
	EndGlobalSection
	GlobalSection(ProjectConfigurationPlatforms) = postSolution
		{7B473CB5-B7E5-4695-9507-2F18EF7D291A}.Debug|Any CPU.ActiveCfg = Debug|Any CPU
		{7B473CB5-B7E5-4695-9507-2F18EF7D291A}.Debug|Any CPU.Build.0 = Debug|Any CPU
		{7B473CB5-B7E5-4695-9507-2F18EF7D291A}.Release|Any CPU.ActiveCfg = Release|Any CPU
		{7B473CB5-B7E5-4695-9507-2F18EF7D291A}.Release|Any CPU.Build.0 = Release|Any CPU
	EndGlobalSection
	GlobalSection(SolutionProperties) = preSolution
		HideSolutionNode = FALSE
	EndGlobalSection
	GlobalSection(ExtensibilityGlobals) = postSolution
		SolutionGuid = {0C2FF5A3-A12E-4A57-8423-17268909E73F}
	EndGlobalSection
EndGlobal
